
Microsoft Visual Studio Solution File, Format Version 12.00
# Visual Studio Version 17
VisualStudioVersion = 17.7.34221.43
MinimumVisualStudioVersion = 10.0.40219.1
Project("{FAE04EC0-301F-11D3-BF4B-00C04F79EFBC}") = "Task11_1", "Task11_1\Task11_1.csproj", "{792378F9-9DC3-409A-B6A0-D99BC7B84F32}"
EndProject
Global
	GlobalSection(SolutionConfigurationPlatforms) = preSolution
		Debug|Any CPU = Debug|Any CPU
		Release|Any CPU = Release|Any CPU
	EndGlobalSection
	GlobalSection(ProjectConfigurationPlatforms) = postSolution
		{792378F9-9DC3-409A-B6A0-D99BC7B84F32}.Debug|Any CPU.ActiveCfg = Debug|Any CPU
		{792378F9-9DC3-409A-B6A0-D99BC7B84F32}.Debug|Any CPU.Build.0 = Debug|Any CPU
		{792378F9-9DC3-409A-B6A0-D99BC7B84F32}.Release|Any CPU.ActiveCfg = Release|Any CPU
		{792378F9-9DC3-409A-B6A0-D99BC7B84F32}.Release|Any CPU.Build.0 = Release|Any CPU
	EndGlobalSection
	GlobalSection(SolutionProperties) = preSolution
		HideSolutionNode = FALSE
	EndGlobalSection
	GlobalSection(ExtensibilityGlobals) = postSolution
		SolutionGuid = {A52A3356-CC06-4243-8BB0-93D9AA512369}
	EndGlobalSection
EndGlobal
